{
  "name": "noosphere-continuity",
  "version": "2.1.0",
  "lockfileVersion": 3,
  "requires": true,
  "packages": {
    "": {
      "name": "noosphere-continuity",
      "version": "2.1.0",
      "bin": {
        "noosphere": "continuity/index.js"
      },
      "engines": {
        "node": ">=22"
      }
    }
  }
}
