{
  "name": "noosphere-continuity",
  "version": "2.1.5",
  "lockfileVersion": 3,
  "requires": true,
  "packages": {
    "": {
      "name": "noosphere-continuity",
      "version": "2.1.5",
      "license": "MIT",
      "bin": {
        "noosphere": "continuity/index.js"
      },
      "engines": {
        "node": ">=22"
      },
      "peerDependencies": {
        "noosphere-relayer": "2.0.3"
      },
      "peerDependenciesMeta": {
        "noosphere-relayer": {
          "optional": true
        }
      }
    }
  }
}
