{
  "name": "noosphere-continuity",
  "version": "2.3.0",
  "lockfileVersion": 3,
  "requires": true,
  "packages": {
    "": {
      "name": "noosphere-continuity",
      "version": "2.3.0",
      "bundleDependencies": [
        "@noosphere/acp-protocol"
      ],
      "license": "MIT",
      "dependencies": {
        "@noosphere/acp-protocol": "file:../noosphere-acp-protocol"
      },
      "bin": {
        "noosphere": "continuity/index.js"
      },
      "engines": {
        "node": ">=22"
      },
      "peerDependencies": {
        "noosphere-relayer": "2.1.1"
      },
      "peerDependenciesMeta": {
        "noosphere-relayer": {
          "optional": true
        }
      }
    },
    "../noosphere-acp-protocol": {
      "name": "@noosphere/acp-protocol",
      "version": "0.1.0",
      "license": "MIT",
      "engines": {
        "node": ">=22"
      }
    },
    "node_modules/@noosphere/acp-protocol": {
      "resolved": "../noosphere-acp-protocol",
      "link": true
    }
  }
}
